
Microsoft Visual Studio Solution File, Format Version 12.00
# Visual Studio Version 16
VisualStudioVersion = 16.0.29001.49
MinimumVisualStudioVersion = 10.0.40219.1
Project("{FAE04EC0-301F-11D3-BF4B-00C04F79EFBC}") = "Interaccion", "Interaccion\Interaccion.csproj", "{CBD268D3-D7A5-403E-A566-DF94FF0B43DE}"
EndProject
Global
	GlobalSection(SolutionConfigurationPlatforms) = preSolution
		Debug|Any CPU = Debug|Any CPU
		Release|Any CPU = Release|Any CPU
	EndGlobalSection
	GlobalSection(ProjectConfigurationPlatforms) = postSolution
		{CBD268D3-D7A5-403E-A566-DF94FF0B43DE}.Debug|Any CPU.ActiveCfg = Debug|Any CPU
		{CBD268D3-D7A5-403E-A566-DF94FF0B43DE}.Debug|Any CPU.Build.0 = Debug|Any CPU
		{CBD268D3-D7A5-403E-A566-DF94FF0B43DE}.Release|Any CPU.ActiveCfg = Release|Any CPU
		{CBD268D3-D7A5-403E-A566-DF94FF0B43DE}.Release|Any CPU.Build.0 = Release|Any CPU
	EndGlobalSection
	GlobalSection(SolutionProperties) = preSolution
		HideSolutionNode = FALSE
	EndGlobalSection
	GlobalSection(ExtensibilityGlobals) = postSolution
		SolutionGuid = {6092F015-7370-4990-A005-CE743F3D36A2}
	EndGlobalSection
EndGlobal
